
Microsoft Visual Studio Solution File, Format Version 12.00
# Visual Studio Version 17
VisualStudioVersion = 17.14.36109.1 d17.14
MinimumVisualStudioVersion = 10.0.40219.1
Project("{FAE04EC0-301F-11D3-BF4B-00C04F79EFBC}") = "WebApplication1", "WebApplication1\WebApplication1.csproj", "{9B1DF8F0-04D0-480B-A142-DDD4D3A7CCEB}"
EndProject
Global
	GlobalSection(SolutionConfigurationPlatforms) = preSolution
		Debug|Any CPU = Debug|Any CPU
		Release|Any CPU = Release|Any CPU
	EndGlobalSection
	GlobalSection(ProjectConfigurationPlatforms) = postSolution
		{9B1DF8F0-04D0-480B-A142-DDD4D3A7CCEB}.Debug|Any CPU.ActiveCfg = Debug|Any CPU
		{9B1DF8F0-04D0-480B-A142-DDD4D3A7CCEB}.Debug|Any CPU.Build.0 = Debug|Any CPU
		{9B1DF8F0-04D0-480B-A142-DDD4D3A7CCEB}.Release|Any CPU.ActiveCfg = Release|Any CPU
		{9B1DF8F0-04D0-480B-A142-DDD4D3A7CCEB}.Release|Any CPU.Build.0 = Release|Any CPU
	EndGlobalSection
	GlobalSection(SolutionProperties) = preSolution
		HideSolutionNode = FALSE
	EndGlobalSection
	GlobalSection(ExtensibilityGlobals) = postSolution
		SolutionGuid = {EAE1751C-0D2D-4FD2-B46C-EF888F61EC8A}
	EndGlobalSection
EndGlobal
